
Microsoft Visual Studio Solution File, Format Version 12.00
Project("{FAE04EC0-301F-11D3-BF4B-00C04F79EFBC}") = "AdventOfCode.Year2018", "AdventOfCode.Year2018\AdventOfCode.Year2018.csproj", "{CBFB4BFC-4503-414E-BAE1-453A1BDA3847}"
EndProject
Project("{FAE04EC0-301F-11D3-BF4B-00C04F79EFBC}") = "AdventOfCode.Year2018.Test", "AdventOfCode.Year2018.Test\AdventOfCode.Year2018.Test.csproj", "{3DD9D3D1-D623-450A-9E9D-886D1E776671}"
EndProject
Project("{2150E333-8FDC-42A3-9474-1A3956D46DE8}") = "2018", "2018", "{395092BF-4B58-4F4B-BE72-837257EDCD04}"
EndProject
Project("{2150E333-8FDC-42A3-9474-1A3956D46DE8}") = "2019", "2019", "{E5371EF1-866E-4DF7-A184-01FB737849B9}"
EndProject
Project("{FAE04EC0-301F-11D3-BF4B-00C04F79EFBC}") = "AdventOfCode.Year2019", "AdventOfCode.Year2019\AdventOfCode.Year2019.csproj", "{68A816FD-913C-4AC4-AA30-99B4BA66C9F8}"
EndProject
Project("{FAE04EC0-301F-11D3-BF4B-00C04F79EFBC}") = "AdventOfCode.Year2019.Test", "AdventOfCode.Year2019.Test\AdventOfCode.Year2019.Test.csproj", "{CBC458F7-C289-497A-8814-9B322B81EB00}"
EndProject
Project("{2150E333-8FDC-42A3-9474-1A3956D46DE8}") = "2020", "2020", "{61346413-7E17-4BB3-B7CA-B4C421F0C9AC}"
EndProject
Project("{FAE04EC0-301F-11D3-BF4B-00C04F79EFBC}") = "AdventOfCode.Year2020", "AdventOfCode.Year2020\AdventOfCode.Year2020.csproj", "{F75E1618-55DD-4C50-8940-5A45FE4A2411}"
EndProject
Project("{FAE04EC0-301F-11D3-BF4B-00C04F79EFBC}") = "AdventOfCode.Year2020.Test", "AdventOfCode.Year2020.Test\AdventOfCode.Year2020.Test.csproj", "{41A05BBA-9E0F-4D6D-95C9-E9EC21FBD85C}"
EndProject
Global
	GlobalSection(SolutionConfigurationPlatforms) = preSolution
		Debug|Any CPU = Debug|Any CPU
		Release|Any CPU = Release|Any CPU
	EndGlobalSection
	GlobalSection(ProjectConfigurationPlatforms) = postSolution
		{CBFB4BFC-4503-414E-BAE1-453A1BDA3847}.Debug|Any CPU.ActiveCfg = Debug|Any CPU
		{CBFB4BFC-4503-414E-BAE1-453A1BDA3847}.Debug|Any CPU.Build.0 = Debug|Any CPU
		{CBFB4BFC-4503-414E-BAE1-453A1BDA3847}.Release|Any CPU.ActiveCfg = Release|Any CPU
		{CBFB4BFC-4503-414E-BAE1-453A1BDA3847}.Release|Any CPU.Build.0 = Release|Any CPU
		{3DD9D3D1-D623-450A-9E9D-886D1E776671}.Debug|Any CPU.ActiveCfg = Debug|Any CPU
		{3DD9D3D1-D623-450A-9E9D-886D1E776671}.Debug|Any CPU.Build.0 = Debug|Any CPU
		{3DD9D3D1-D623-450A-9E9D-886D1E776671}.Release|Any CPU.ActiveCfg = Release|Any CPU
		{3DD9D3D1-D623-450A-9E9D-886D1E776671}.Release|Any CPU.Build.0 = Release|Any CPU
		{68A816FD-913C-4AC4-AA30-99B4BA66C9F8}.Debug|Any CPU.ActiveCfg = Debug|Any CPU
		{68A816FD-913C-4AC4-AA30-99B4BA66C9F8}.Debug|Any CPU.Build.0 = Debug|Any CPU
		{68A816FD-913C-4AC4-AA30-99B4BA66C9F8}.Release|Any CPU.ActiveCfg = Release|Any CPU
		{68A816FD-913C-4AC4-AA30-99B4BA66C9F8}.Release|Any CPU.Build.0 = Release|Any CPU
		{CBC458F7-C289-497A-8814-9B322B81EB00}.Debug|Any CPU.ActiveCfg = Debug|Any CPU
		{CBC458F7-C289-497A-8814-9B322B81EB00}.Debug|Any CPU.Build.0 = Debug|Any CPU
		{CBC458F7-C289-497A-8814-9B322B81EB00}.Release|Any CPU.ActiveCfg = Release|Any CPU
		{CBC458F7-C289-497A-8814-9B322B81EB00}.Release|Any CPU.Build.0 = Release|Any CPU
		{F75E1618-55DD-4C50-8940-5A45FE4A2411}.Debug|Any CPU.ActiveCfg = Debug|Any CPU
		{F75E1618-55DD-4C50-8940-5A45FE4A2411}.Debug|Any CPU.Build.0 = Debug|Any CPU
		{F75E1618-55DD-4C50-8940-5A45FE4A2411}.Release|Any CPU.ActiveCfg = Release|Any CPU
		{F75E1618-55DD-4C50-8940-5A45FE4A2411}.Release|Any CPU.Build.0 = Release|Any CPU
		{41A05BBA-9E0F-4D6D-95C9-E9EC21FBD85C}.Debug|Any CPU.ActiveCfg = Debug|Any CPU
		{41A05BBA-9E0F-4D6D-95C9-E9EC21FBD85C}.Debug|Any CPU.Build.0 = Debug|Any CPU
		{41A05BBA-9E0F-4D6D-95C9-E9EC21FBD85C}.Release|Any CPU.ActiveCfg = Release|Any CPU
		{41A05BBA-9E0F-4D6D-95C9-E9EC21FBD85C}.Release|Any CPU.Build.0 = Release|Any CPU
	EndGlobalSection
	GlobalSection(NestedProjects) = preSolution
		{3DD9D3D1-D623-450A-9E9D-886D1E776671} = {395092BF-4B58-4F4B-BE72-837257EDCD04}
		{CBFB4BFC-4503-414E-BAE1-453A1BDA3847} = {395092BF-4B58-4F4B-BE72-837257EDCD04}
		{68A816FD-913C-4AC4-AA30-99B4BA66C9F8} = {E5371EF1-866E-4DF7-A184-01FB737849B9}
		{CBC458F7-C289-497A-8814-9B322B81EB00} = {E5371EF1-866E-4DF7-A184-01FB737849B9}
		{F75E1618-55DD-4C50-8940-5A45FE4A2411} = {61346413-7E17-4BB3-B7CA-B4C421F0C9AC}
		{41A05BBA-9E0F-4D6D-95C9-E9EC21FBD85C} = {61346413-7E17-4BB3-B7CA-B4C421F0C9AC}
	EndGlobalSection
EndGlobal
