
Microsoft Visual Studio Solution File, Format Version 12.00
Project("{FAE04EC0-301F-11D3-BF4B-00C04F79EFBC}") = "AdventOfCode.Year2018", "AdventOfCode.Year2018\AdventOfCode.Year2018.csproj", "{CBFB4BFC-4503-414E-BAE1-453A1BDA3847}"
EndProject
Project("{FAE04EC0-301F-11D3-BF4B-00C04F79EFBC}") = "AdventOfCode.Year2018.Test", "AdventOfCode.Year2018.Test\AdventOfCode.Year2018.Test.csproj", "{3DD9D3D1-D623-450A-9E9D-886D1E776671}"
EndProject
Project("{2150E333-8FDC-42A3-9474-1A3956D46DE8}") = "2018", "2018", "{395092BF-4B58-4F4B-BE72-837257EDCD04}"
EndProject
Project("{2150E333-8FDC-42A3-9474-1A3956D46DE8}") = "2019", "2019", "{E5371EF1-866E-4DF7-A184-01FB737849B9}"
EndProject
Project("{FAE04EC0-301F-11D3-BF4B-00C04F79EFBC}") = "AdventOfCode.Year2019", "AdventOfCode.Year2019\AdventOfCode.Year2019.csproj", "{68A816FD-913C-4AC4-AA30-99B4BA66C9F8}"
EndProject
Global
	GlobalSection(SolutionConfigurationPlatforms) = preSolution
		Debug|Any CPU = Debug|Any CPU
		Release|Any CPU = Release|Any CPU
	EndGlobalSection
	GlobalSection(ProjectConfigurationPlatforms) = postSolution
		{CBFB4BFC-4503-414E-BAE1-453A1BDA3847}.Debug|Any CPU.ActiveCfg = Debug|Any CPU
		{CBFB4BFC-4503-414E-BAE1-453A1BDA3847}.Debug|Any CPU.Build.0 = Debug|Any CPU
		{CBFB4BFC-4503-414E-BAE1-453A1BDA3847}.Release|Any CPU.ActiveCfg = Release|Any CPU
		{CBFB4BFC-4503-414E-BAE1-453A1BDA3847}.Release|Any CPU.Build.0 = Release|Any CPU
		{3DD9D3D1-D623-450A-9E9D-886D1E776671}.Debug|Any CPU.ActiveCfg = Debug|Any CPU
		{3DD9D3D1-D623-450A-9E9D-886D1E776671}.Debug|Any CPU.Build.0 = Debug|Any CPU
		{3DD9D3D1-D623-450A-9E9D-886D1E776671}.Release|Any CPU.ActiveCfg = Release|Any CPU
		{3DD9D3D1-D623-450A-9E9D-886D1E776671}.Release|Any CPU.Build.0 = Release|Any CPU
		{68A816FD-913C-4AC4-AA30-99B4BA66C9F8}.Debug|Any CPU.ActiveCfg = Debug|Any CPU
		{68A816FD-913C-4AC4-AA30-99B4BA66C9F8}.Debug|Any CPU.Build.0 = Debug|Any CPU
		{68A816FD-913C-4AC4-AA30-99B4BA66C9F8}.Release|Any CPU.ActiveCfg = Release|Any CPU
		{68A816FD-913C-4AC4-AA30-99B4BA66C9F8}.Release|Any CPU.Build.0 = Release|Any CPU
	EndGlobalSection
	GlobalSection(NestedProjects) = preSolution
		{3DD9D3D1-D623-450A-9E9D-886D1E776671} = {395092BF-4B58-4F4B-BE72-837257EDCD04}
		{CBFB4BFC-4503-414E-BAE1-453A1BDA3847} = {395092BF-4B58-4F4B-BE72-837257EDCD04}
		{68A816FD-913C-4AC4-AA30-99B4BA66C9F8} = {E5371EF1-866E-4DF7-A184-01FB737849B9}
	EndGlobalSection
EndGlobal
