
Microsoft Visual Studio Solution File, Format Version 12.00
Project("{FAE04EC0-301F-11D3-BF4B-00C04F79EFBC}") = "AdventOfCode.Year2018", "AdventOfCode.Year2018\AdventOfCode.Year2018.csproj", "{CBFB4BFC-4503-414E-BAE1-453A1BDA3847}"
EndProject
Project("{FAE04EC0-301F-11D3-BF4B-00C04F79EFBC}") = "AdventOfCode.Year2018.Test", "AdventOfCode.Year2018.Test\AdventOfCode.Year2018.Test.csproj", "{3DD9D3D1-D623-450A-9E9D-886D1E776671}"
EndProject
Global
	GlobalSection(SolutionConfigurationPlatforms) = preSolution
		Debug|Any CPU = Debug|Any CPU
		Release|Any CPU = Release|Any CPU
	EndGlobalSection
	GlobalSection(ProjectConfigurationPlatforms) = postSolution
		{CBFB4BFC-4503-414E-BAE1-453A1BDA3847}.Debug|Any CPU.ActiveCfg = Debug|Any CPU
		{CBFB4BFC-4503-414E-BAE1-453A1BDA3847}.Debug|Any CPU.Build.0 = Debug|Any CPU
		{CBFB4BFC-4503-414E-BAE1-453A1BDA3847}.Release|Any CPU.ActiveCfg = Release|Any CPU
		{CBFB4BFC-4503-414E-BAE1-453A1BDA3847}.Release|Any CPU.Build.0 = Release|Any CPU
		{3DD9D3D1-D623-450A-9E9D-886D1E776671}.Debug|Any CPU.ActiveCfg = Debug|Any CPU
		{3DD9D3D1-D623-450A-9E9D-886D1E776671}.Debug|Any CPU.Build.0 = Debug|Any CPU
		{3DD9D3D1-D623-450A-9E9D-886D1E776671}.Release|Any CPU.ActiveCfg = Release|Any CPU
		{3DD9D3D1-D623-450A-9E9D-886D1E776671}.Release|Any CPU.Build.0 = Release|Any CPU
	EndGlobalSection
EndGlobal
